
Microsoft Visual Studio Solution File, Format Version 12.00
# Visual Studio Version 16
VisualStudioVersion = 16.0.28922.388
MinimumVisualStudioVersion = 10.0.40219.1
Project("{FAE04EC0-301F-11D3-BF4B-00C04F79EFBC}") = "SistemaNotas", "SistemaNotas.csproj", "{C9DDC789-F381-4B08-926A-C4EE6A9887CB}"
EndProject
Global
	GlobalSection(SolutionConfigurationPlatforms) = preSolution
		Debug|Any CPU = Debug|Any CPU
		Release|Any CPU = Release|Any CPU
	EndGlobalSection
	GlobalSection(ProjectConfigurationPlatforms) = postSolution
		{C9DDC789-F381-4B08-926A-C4EE6A9887CB}.Debug|Any CPU.ActiveCfg = Debug|Any CPU
		{C9DDC789-F381-4B08-926A-C4EE6A9887CB}.Debug|Any CPU.Build.0 = Debug|Any CPU
		{C9DDC789-F381-4B08-926A-C4EE6A9887CB}.Release|Any CPU.ActiveCfg = Release|Any CPU
		{C9DDC789-F381-4B08-926A-C4EE6A9887CB}.Release|Any CPU.Build.0 = Release|Any CPU
	EndGlobalSection
	GlobalSection(SolutionProperties) = preSolution
		HideSolutionNode = FALSE
	EndGlobalSection
	GlobalSection(ExtensibilityGlobals) = postSolution
		SolutionGuid = {602E1369-F907-4A7D-A389-216013AF152B}
	EndGlobalSection
EndGlobal
